// !$*UTF8*$!
{
	archiveVersion = 1;
	classes = {
	};
	objectVersion = 46;
	objects = {

/* Begin PBXBuildFile section */
		2E9196C114BCCC84003344F9 /* ANTestTimePeriod.m in Sources */ = {isa = PBXBuildFile; fileRef = 2E9196C014BCCC84003344F9 /* ANTestTimePeriod.m */; };
		FA4C782D14B8AD7F00FA5CE6 /* ANTypingTestContainer.m in Sources */ = {isa = PBXBuildFile; fileRef = FA4C782C14B8AD7F00FA5CE6 /* ANTypingTestContainer.m */; };
		FA4C783514B8BC3600FA5CE6 /* CFAttributedStringHeight.m in Sources */ = {isa = PBXBuildFile; fileRef = FA4C783414B8BC3600FA5CE6 /* CFAttributedStringHeight.m */; };
		FAC4194B14B2317F0035FFAF /* Cocoa.framework in Frameworks */ = {isa = PBXBuildFile; fileRef = FAC4194A14B2317F0035FFAF /* Cocoa.framework */; };
		FAC4195514B2317F0035FFAF /* InfoPlist.strings in Resources */ = {isa = PBXBuildFile; fileRef = FAC4195314B2317F0035FFAF /* InfoPlist.strings */; };
		FAC4195714B2317F0035FFAF /* main.m in Sources */ = {isa = PBXBuildFile; fileRef = FAC4195614B2317F0035FFAF /* main.m */; };
		FAC4195B14B2317F0035FFAF /* Credits.rtf in Resources */ = {isa = PBXBuildFile; fileRef = FAC4195914B2317F0035FFAF /* Credits.rtf */; };
		FAC4195E14B2317F0035FFAF /* AppDelegate.m in Sources */ = {isa = PBXBuildFile; fileRef = FAC4195D14B2317F0035FFAF /* AppDelegate.m */; };
		FAC4196114B2317F0035FFAF /* MainMenu.xib in Resources */ = {isa = PBXBuildFile; fileRef = FAC4195F14B2317F0035FFAF /* MainMenu.xib */; };
		FAC4196914B2321C0035FFAF /* ANTypingTest.m in Sources */ = {isa = PBXBuildFile; fileRef = FAC4196814B2321C0035FFAF /* ANTypingTest.m */; };
		FAC4196C14B233690035FFAF /* ANTypingTestLetter.m in Sources */ = {isa = PBXBuildFile; fileRef = FAC4196B14B233690035FFAF /* ANTypingTestLetter.m */; };
		FAC4197014B236190035FFAF /* ANTypingTestView.m in Sources */ = {isa = PBXBuildFile; fileRef = FAC4196F14B236190035FFAF /* ANTypingTestView.m */; };
		FAC4197314B24C120035FFAF /* KeyWindow.m in Sources */ = {isa = PBXBuildFile; fileRef = FAC4197214B24C120035FFAF /* KeyWindow.m */; };
		FACB500414C1475A00943B57 /* NSTextField+Label.m in Sources */ = {isa = PBXBuildFile; fileRef = FACB500314C1475A00943B57 /* NSTextField+Label.m */; };
		FACBE31D14B8D1030097F3E5 /* ANTextFrame.m in Sources */ = {isa = PBXBuildFile; fileRef = FACBE31C14B8D1030097F3E5 /* ANTextFrame.m */; };
		FACBE32014B8D17B0097F3E5 /* ANTextLine.m in Sources */ = {isa = PBXBuildFile; fileRef = FACBE31F14B8D17B0097F3E5 /* ANTextLine.m */; };
		FACDDC4B14C122CF00245195 /* EnterTextWindow.m in Sources */ = {isa = PBXBuildFile; fileRef = FACDDC4A14C122CF00245195 /* EnterTextWindow.m */; };
		FAD3115A14C0F2A0004A4CA8 /* TestDocument.m in Sources */ = {isa = PBXBuildFile; fileRef = FAD3115814C0F2A0004A4CA8 /* TestDocument.m */; };
		FAD3115B14C0F2A0004A4CA8 /* TestDocument.xib in Resources */ = {isa = PBXBuildFile; fileRef = FAD3115914C0F2A0004A4CA8 /* TestDocument.xib */; };
		FAD3115D14C0FC29004A4CA8 /* docicon.icns in Resources */ = {isa = PBXBuildFile; fileRef = FAD3115C14C0FC29004A4CA8 /* docicon.icns */; };
/* End PBXBuildFile section */

/* Begin PBXFileReference section */
		2E9196BF14BCCC84003344F9 /* ANTestTimePeriod.h */ = {isa = PBXFileReference; fileEncoding = 4; lastKnownFileType = sourcecode.c.h; path = ANTestTimePeriod.h; sourceTree = "<group>"; };
		2E9196C014BCCC84003344F9 /* ANTestTimePeriod.m */ = {isa = PBXFileReference; fileEncoding = 4; lastKnownFileType = sourcecode.c.objc; path = ANTestTimePeriod.m; sourceTree = "<group>"; };
		FA4C782B14B8AD7F00FA5CE6 /* ANTypingTestContainer.h */ = {isa = PBXFileReference; fileEncoding = 4; lastKnownFileType = sourcecode.c.h; path = ANTypingTestContainer.h; sourceTree = "<group>"; };
		FA4C782C14B8AD7F00FA5CE6 /* ANTypingTestContainer.m */ = {isa = PBXFileReference; fileEncoding = 4; lastKnownFileType = sourcecode.c.objc; path = ANTypingTestContainer.m; sourceTree = "<group>"; };
		FA4C783414B8BC3600FA5CE6 /* CFAttributedStringHeight.m */ = {isa = PBXFileReference; fileEncoding = 4; lastKnownFileType = sourcecode.c.objc; path = CFAttributedStringHeight.m; sourceTree = "<group>"; };
		FA4C783614B8BC7400FA5CE6 /* CFAttributedStringHeight.h */ = {isa = PBXFileReference; fileEncoding = 4; lastKnownFileType = sourcecode.c.h; path = CFAttributedStringHeight.h; sourceTree = "<group>"; };
		FAC4194614B2317F0035FFAF /* TypingTest.app */ = {isa = PBXFileReference; explicitFileType = wrapper.application; includeInIndex = 0; path = TypingTest.app; sourceTree = BUILT_PRODUCTS_DIR; };
		FAC4194A14B2317F0035FFAF /* Cocoa.framework */ = {isa = PBXFileReference; lastKnownFileType = wrapper.framework; name = Cocoa.framework; path = System/Library/Frameworks/Cocoa.framework; sourceTree = SDKROOT; };
		FAC4194D14B2317F0035FFAF /* AppKit.framework */ = {isa = PBXFileReference; lastKnownFileType = wrapper.framework; name = AppKit.framework; path = System/Library/Frameworks/AppKit.framework; sourceTree = SDKROOT; };
		FAC4194E14B2317F0035FFAF /* CoreData.framework */ = {isa = PBXFileReference; lastKnownFileType = wrapper.framework; name = CoreData.framework; path = System/Library/Frameworks/CoreData.framework; sourceTree = SDKROOT; };
		FAC4194F14B2317F0035FFAF /* Foundation.framework */ = {isa = PBXFileReference; lastKnownFileType = wrapper.framework; name = Foundation.framework; path = System/Library/Frameworks/Foundation.framework; sourceTree = SDKROOT; };
		FAC4195214B2317F0035FFAF /* TypingTest-Info.plist */ = {isa = PBXFileReference; lastKnownFileType = text.plist.xml; path = "TypingTest-Info.plist"; sourceTree = "<group>"; };
		FAC4195414B2317F0035FFAF /* en */ = {isa = PBXFileReference; lastKnownFileType = text.plist.strings; name = en; path = en.lproj/InfoPlist.strings; sourceTree = "<group>"; };
		FAC4195614B2317F0035FFAF /* main.m */ = {isa = PBXFileReference; lastKnownFileType = sourcecode.c.objc; path = main.m; sourceTree = "<group>"; };
		FAC4195814B2317F0035FFAF /* TypingTest-Prefix.pch */ = {isa = PBXFileReference; lastKnownFileType = sourcecode.c.h; path = "TypingTest-Prefix.pch"; sourceTree = "<group>"; };
		FAC4195A14B2317F0035FFAF /* en */ = {isa = PBXFileReference; lastKnownFileType = text.rtf; name = en; path = en.lproj/Credits.rtf; sourceTree = "<group>"; };
		FAC4195C14B2317F0035FFAF /* AppDelegate.h */ = {isa = PBXFileReference; lastKnownFileType = sourcecode.c.h; path = AppDelegate.h; sourceTree = "<group>"; };
		FAC4195D14B2317F0035FFAF /* AppDelegate.m */ = {isa = PBXFileReference; lastKnownFileType = sourcecode.c.objc; path = AppDelegate.m; sourceTree = "<group>"; };
		FAC4196014B2317F0035FFAF /* en */ = {isa = PBXFileReference; lastKnownFileType = file.xib; name = en; path = en.lproj/MainMenu.xib; sourceTree = "<group>"; };
		FAC4196714B2321C0035FFAF /* ANTypingTest.h */ = {isa = PBXFileReference; fileEncoding = 4; lastKnownFileType = sourcecode.c.h; path = ANTypingTest.h; sourceTree = "<group>"; };
		FAC4196814B2321C0035FFAF /* ANTypingTest.m */ = {isa = PBXFileReference; fileEncoding = 4; lastKnownFileType = sourcecode.c.objc; path = ANTypingTest.m; sourceTree = "<group>"; };
		FAC4196A14B233690035FFAF /* ANTypingTestLetter.h */ = {isa = PBXFileReference; fileEncoding = 4; lastKnownFileType = sourcecode.c.h; path = ANTypingTestLetter.h; sourceTree = "<group>"; };
		FAC4196B14B233690035FFAF /* ANTypingTestLetter.m */ = {isa = PBXFileReference; fileEncoding = 4; lastKnownFileType = sourcecode.c.objc; path = ANTypingTestLetter.m; sourceTree = "<group>"; };
		FAC4196E14B236190035FFAF /* ANTypingTestView.h */ = {isa = PBXFileReference; fileEncoding = 4; lastKnownFileType = sourcecode.c.h; path = ANTypingTestView.h; sourceTree = "<group>"; };
		FAC4196F14B236190035FFAF /* ANTypingTestView.m */ = {isa = PBXFileReference; fileEncoding = 4; lastKnownFileType = sourcecode.c.objc; path = ANTypingTestView.m; sourceTree = "<group>"; };
		FAC4197114B24C120035FFAF /* KeyWindow.h */ = {isa = PBXFileReference; fileEncoding = 4; lastKnownFileType = sourcecode.c.h; path = KeyWindow.h; sourceTree = "<group>"; };
		FAC4197214B24C120035FFAF /* KeyWindow.m */ = {isa = PBXFileReference; fileEncoding = 4; lastKnownFileType = sourcecode.c.objc; path = KeyWindow.m; sourceTree = "<group>"; };
		FACB500214C1475A00943B57 /* NSTextField+Label.h */ = {isa = PBXFileReference; fileEncoding = 4; lastKnownFileType = sourcecode.c.h; path = "NSTextField+Label.h"; sourceTree = "<group>"; };
		FACB500314C1475A00943B57 /* NSTextField+Label.m */ = {isa = PBXFileReference; fileEncoding = 4; lastKnownFileType = sourcecode.c.objc; path = "NSTextField+Label.m"; sourceTree = "<group>"; };
		FACBE31B14B8D1030097F3E5 /* ANTextFrame.h */ = {isa = PBXFileReference; fileEncoding = 4; lastKnownFileType = sourcecode.c.h; path = ANTextFrame.h; sourceTree = "<group>"; };
		FACBE31C14B8D1030097F3E5 /* ANTextFrame.m */ = {isa = PBXFileReference; fileEncoding = 4; lastKnownFileType = sourcecode.c.objc; path = ANTextFrame.m; sourceTree = "<group>"; };
		FACBE31E14B8D17B0097F3E5 /* ANTextLine.h */ = {isa = PBXFileReference; fileEncoding = 4; lastKnownFileType = sourcecode.c.h; path = ANTextLine.h; sourceTree = "<group>"; };
		FACBE31F14B8D17B0097F3E5 /* ANTextLine.m */ = {isa = PBXFileReference; fileEncoding = 4; lastKnownFileType = sourcecode.c.objc; path = ANTextLine.m; sourceTree = "<group>"; };
		FACDDC4914C122CF00245195 /* EnterTextWindow.h */ = {isa = PBXFileReference; fileEncoding = 4; lastKnownFileType = sourcecode.c.h; path = EnterTextWindow.h; sourceTree = "<group>"; };
		FACDDC4A14C122CF00245195 /* EnterTextWindow.m */ = {isa = PBXFileReference; fileEncoding = 4; lastKnownFileType = sourcecode.c.objc; path = EnterTextWindow.m; sourceTree = "<group>"; };
		FAD3115714C0F2A0004A4CA8 /* TestDocument.h */ = {isa = PBXFileReference; fileEncoding = 4; lastKnownFileType = sourcecode.c.h; path = TestDocument.h; sourceTree = "<group>"; };
		FAD3115814C0F2A0004A4CA8 /* TestDocument.m */ = {isa = PBXFileReference; fileEncoding = 4; lastKnownFileType = sourcecode.c.objc; path = TestDocument.m; sourceTree = "<group>"; };
		FAD3115914C0F2A0004A4CA8 /* TestDocument.xib */ = {isa = PBXFileReference; fileEncoding = 4; lastKnownFileType = file.xib; path = TestDocument.xib; sourceTree = "<group>"; };
		FAD3115C14C0FC29004A4CA8 /* docicon.icns */ = {isa = PBXFileReference; lastKnownFileType = image.icns; path = docicon.icns; sourceTree = "<group>"; };
/* End PBXFileReference section */

/* Begin PBXFrameworksBuildPhase section */
		FAC4194314B2317F0035FFAF /* Frameworks */ = {
			isa = PBXFrameworksBuildPhase;
			buildActionMask = 2147483647;
			files = (
				FAC4194B14B2317F0035FFAF /* Cocoa.framework in Frameworks */,
			);
			runOnlyForDeploymentPostprocessing = 0;
		};
/* End PBXFrameworksBuildPhase section */

/* Begin PBXGroup section */
		FA4C783214B8BC1E00FA5CE6 /* Graphics */ = {
			isa = PBXGroup;
			children = (
				FAC4196E14B236190035FFAF /* ANTypingTestView.h */,
				FAC4196F14B236190035FFAF /* ANTypingTestView.m */,
				FA4C782B14B8AD7F00FA5CE6 /* ANTypingTestContainer.h */,
				FA4C782C14B8AD7F00FA5CE6 /* ANTypingTestContainer.m */,
			);
			name = Graphics;
			sourceTree = "<group>";
		};
		FAC4193B14B2317F0035FFAF = {
			isa = PBXGroup;
			children = (
				FAC4195014B2317F0035FFAF /* TypingTest */,
				FAC4194914B2317F0035FFAF /* Frameworks */,
				FAC4194714B2317F0035FFAF /* Products */,
			);
			sourceTree = "<group>";
		};
		FAC4194714B2317F0035FFAF /* Products */ = {
			isa = PBXGroup;
			children = (
				FAC4194614B2317F0035FFAF /* TypingTest.app */,
			);
			name = Products;
			sourceTree = "<group>";
		};
		FAC4194914B2317F0035FFAF /* Frameworks */ = {
			isa = PBXGroup;
			children = (
				FAC4194A14B2317F0035FFAF /* Cocoa.framework */,
				FAC4194C14B2317F0035FFAF /* Other Frameworks */,
			);
			name = Frameworks;
			sourceTree = "<group>";
		};
		FAC4194C14B2317F0035FFAF /* Other Frameworks */ = {
			isa = PBXGroup;
			children = (
				FAC4194D14B2317F0035FFAF /* AppKit.framework */,
				FAC4194E14B2317F0035FFAF /* CoreData.framework */,
				FAC4194F14B2317F0035FFAF /* Foundation.framework */,
			);
			name = "Other Frameworks";
			sourceTree = "<group>";
		};
		FAC4195014B2317F0035FFAF /* TypingTest */ = {
			isa = PBXGroup;
			children = (
				FAD3115514C0F283004A4CA8 /* Document */,
				FAC4196D14B236060035FFAF /* ANTypingTest */,
				FAC4195C14B2317F0035FFAF /* AppDelegate.h */,
				FAC4195D14B2317F0035FFAF /* AppDelegate.m */,
				FAC4197114B24C120035FFAF /* KeyWindow.h */,
				FAC4197214B24C120035FFAF /* KeyWindow.m */,
				FAC4195F14B2317F0035FFAF /* MainMenu.xib */,
				FAC4195114B2317F0035FFAF /* Supporting Files */,
			);
			path = TypingTest;
			sourceTree = "<group>";
		};
		FAC4195114B2317F0035FFAF /* Supporting Files */ = {
			isa = PBXGroup;
			children = (
				FAD3115C14C0FC29004A4CA8 /* docicon.icns */,
				FAC4195214B2317F0035FFAF /* TypingTest-Info.plist */,
				FAC4195314B2317F0035FFAF /* InfoPlist.strings */,
				FAC4195614B2317F0035FFAF /* main.m */,
				FAC4195814B2317F0035FFAF /* TypingTest-Prefix.pch */,
				FAC4195914B2317F0035FFAF /* Credits.rtf */,
			);
			name = "Supporting Files";
			sourceTree = "<group>";
		};
		FAC4196D14B236060035FFAF /* ANTypingTest */ = {
			isa = PBXGroup;
			children = (
				FACBE31914B8D0F40097F3E5 /* Text */,
				FA4C783214B8BC1E00FA5CE6 /* Graphics */,
				FAC4196714B2321C0035FFAF /* ANTypingTest.h */,
				FAC4196814B2321C0035FFAF /* ANTypingTest.m */,
				FAC4196A14B233690035FFAF /* ANTypingTestLetter.h */,
				FAC4196B14B233690035FFAF /* ANTypingTestLetter.m */,
				2E9196BF14BCCC84003344F9 /* ANTestTimePeriod.h */,
				2E9196C014BCCC84003344F9 /* ANTestTimePeriod.m */,
			);
			name = ANTypingTest;
			sourceTree = "<group>";
		};
		FACB500014C1473A00943B57 /* UI Additions */ = {
			isa = PBXGroup;
			children = (
				FACB500214C1475A00943B57 /* NSTextField+Label.h */,
				FACB500314C1475A00943B57 /* NSTextField+Label.m */,
			);
			name = "UI Additions";
			sourceTree = "<group>";
		};
		FACBE31914B8D0F40097F3E5 /* Text */ = {
			isa = PBXGroup;
			children = (
				FACBE31B14B8D1030097F3E5 /* ANTextFrame.h */,
				FACBE31C14B8D1030097F3E5 /* ANTextFrame.m */,
				FACBE31E14B8D17B0097F3E5 /* ANTextLine.h */,
				FACBE31F14B8D17B0097F3E5 /* ANTextLine.m */,
				FA4C783614B8BC7400FA5CE6 /* CFAttributedStringHeight.h */,
				FA4C783414B8BC3600FA5CE6 /* CFAttributedStringHeight.m */,
			);
			name = Text;
			sourceTree = "<group>";
		};
		FAD3115514C0F283004A4CA8 /* Document */ = {
			isa = PBXGroup;
			children = (
				FACB500014C1473A00943B57 /* UI Additions */,
				FAD3115714C0F2A0004A4CA8 /* TestDocument.h */,
				FAD3115814C0F2A0004A4CA8 /* TestDocument.m */,
				FAD3115914C0F2A0004A4CA8 /* TestDocument.xib */,
				FACDDC4914C122CF00245195 /* EnterTextWindow.h */,
				FACDDC4A14C122CF00245195 /* EnterTextWindow.m */,
			);
			name = Document;
			sourceTree = "<group>";
		};
/* End PBXGroup section */

/* Begin PBXNativeTarget section */
		FAC4194514B2317F0035FFAF /* TypingTest */ = {
			isa = PBXNativeTarget;
			buildConfigurationList = FAC4196414B2317F0035FFAF /* Build configuration list for PBXNativeTarget "TypingTest" */;
			buildPhases = (
				FAC4194214B2317F0035FFAF /* Sources */,
				FAC4194314B2317F0035FFAF /* Frameworks */,
				FAC4194414B2317F0035FFAF /* Resources */,
			);
			buildRules = (
			);
			dependencies = (
			);
			name = TypingTest;
			productName = TypingTest;
			productReference = FAC4194614B2317F0035FFAF /* TypingTest.app */;
			productType = "com.apple.product-type.application";
		};
/* End PBXNativeTarget section */

/* Begin PBXProject section */
		FAC4193D14B2317F0035FFAF /* Project object */ = {
			isa = PBXProject;
			attributes = {
				LastUpgradeCheck = 0420;
			};
			buildConfigurationList = FAC4194014B2317F0035FFAF /* Build configuration list for PBXProject "TypingTest" */;
			compatibilityVersion = "Xcode 3.2";
			developmentRegion = English;
			hasScannedForEncodings = 0;
			knownRegions = (
				en,
			);
			mainGroup = FAC4193B14B2317F0035FFAF;
			productRefGroup = FAC4194714B2317F0035FFAF /* Products */;
			projectDirPath = "";
			projectRoot = "";
			targets = (
				FAC4194514B2317F0035FFAF /* TypingTest */,
			);
		};
/* End PBXProject section */

/* Begin PBXResourcesBuildPhase section */
		FAC4194414B2317F0035FFAF /* Resources */ = {
			isa = PBXResourcesBuildPhase;
			buildActionMask = 2147483647;
			files = (
				FAC4195514B2317F0035FFAF /* InfoPlist.strings in Resources */,
				FAC4195B14B2317F0035FFAF /* Credits.rtf in Resources */,
				FAC4196114B2317F0035FFAF /* MainMenu.xib in Resources */,
				FAD3115B14C0F2A0004A4CA8 /* TestDocument.xib in Resources */,
				FAD3115D14C0FC29004A4CA8 /* docicon.icns in Resources */,
			);
			runOnlyForDeploymentPostprocessing = 0;
		};
/* End PBXResourcesBuildPhase section */

/* Begin PBXSourcesBuildPhase section */
		FAC4194214B2317F0035FFAF /* Sources */ = {
			isa = PBXSourcesBuildPhase;
			buildActionMask = 2147483647;
			files = (
				FAC4195714B2317F0035FFAF /* main.m in Sources */,
				FAC4195E14B2317F0035FFAF /* AppDelegate.m in Sources */,
				FAC4196914B2321C0035FFAF /* ANTypingTest.m in Sources */,
				FAC4196C14B233690035FFAF /* ANTypingTestLetter.m in Sources */,
				FAC4197014B236190035FFAF /* ANTypingTestView.m in Sources */,
				FAC4197314B24C120035FFAF /* KeyWindow.m in Sources */,
				FA4C782D14B8AD7F00FA5CE6 /* ANTypingTestContainer.m in Sources */,
				FA4C783514B8BC3600FA5CE6 /* CFAttributedStringHeight.m in Sources */,
				FACBE31D14B8D1030097F3E5 /* ANTextFrame.m in Sources */,
				FACBE32014B8D17B0097F3E5 /* ANTextLine.m in Sources */,
				2E9196C114BCCC84003344F9 /* ANTestTimePeriod.m in Sources */,
				FAD3115A14C0F2A0004A4CA8 /* TestDocument.m in Sources */,
				FACDDC4B14C122CF00245195 /* EnterTextWindow.m in Sources */,
				FACB500414C1475A00943B57 /* NSTextField+Label.m in Sources */,
			);
			runOnlyForDeploymentPostprocessing = 0;
		};
/* End PBXSourcesBuildPhase section */

/* Begin PBXVariantGroup section */
		FAC4195314B2317F0035FFAF /* InfoPlist.strings */ = {
			isa = PBXVariantGroup;
			children = (
				FAC4195414B2317F0035FFAF /* en */,
			);
			name = InfoPlist.strings;
			sourceTree = "<group>";
		};
		FAC4195914B2317F0035FFAF /* Credits.rtf */ = {
			isa = PBXVariantGroup;
			children = (
				FAC4195A14B2317F0035FFAF /* en */,
			);
			name = Credits.rtf;
			sourceTree = "<group>";
		};
		FAC4195F14B2317F0035FFAF /* MainMenu.xib */ = {
			isa = PBXVariantGroup;
			children = (
				FAC4196014B2317F0035FFAF /* en */,
			);
			name = MainMenu.xib;
			sourceTree = "<group>";
		};
/* End PBXVariantGroup section */

/* Begin XCBuildConfiguration section */
		FAC4196214B2317F0035FFAF /* Debug */ = {
			isa = XCBuildConfiguration;
			buildSettings = {
				ALWAYS_SEARCH_USER_PATHS = NO;
				ARCHS = "$(ARCHS_STANDARD_64_BIT)";
				CLANG_ENABLE_OBJC_ARC = YES;
				COPY_PHASE_STRIP = NO;
				GCC_C_LANGUAGE_STANDARD = gnu99;
				GCC_DYNAMIC_NO_PIC = NO;
				GCC_ENABLE_OBJC_EXCEPTIONS = YES;
				GCC_OPTIMIZATION_LEVEL = 0;
				GCC_PREPROCESSOR_DEFINITIONS = (
					"DEBUG=1",
					"$(inherited)",
				);
				GCC_SYMBOLS_PRIVATE_EXTERN = NO;
				GCC_VERSION = com.apple.compilers.llvm.clang.1_0;
				GCC_WARN_64_TO_32_BIT_CONVERSION = YES;
				GCC_WARN_ABOUT_MISSING_PROTOTYPES = YES;
				GCC_WARN_ABOUT_RETURN_TYPE = YES;
				GCC_WARN_UNUSED_VARIABLE = YES;
				MACOSX_DEPLOYMENT_TARGET = 10.7;
				ONLY_ACTIVE_ARCH = YES;
				SDKROOT = macosx;
			};
			name = Debug;
		};
		FAC4196314B2317F0035FFAF /* Release */ = {
			isa = XCBuildConfiguration;
			buildSettings = {
				ALWAYS_SEARCH_USER_PATHS = NO;
				ARCHS = "$(ARCHS_STANDARD_64_BIT)";
				CLANG_ENABLE_OBJC_ARC = YES;
				COPY_PHASE_STRIP = YES;
				DEBUG_INFORMATION_FORMAT = "dwarf-with-dsym";
				GCC_C_LANGUAGE_STANDARD = gnu99;
				GCC_ENABLE_OBJC_EXCEPTIONS = YES;
				GCC_VERSION = com.apple.compilers.llvm.clang.1_0;
				GCC_WARN_64_TO_32_BIT_CONVERSION = YES;
				GCC_WARN_ABOUT_MISSING_PROTOTYPES = YES;
				GCC_WARN_ABOUT_RETURN_TYPE = YES;
				GCC_WARN_UNUSED_VARIABLE = YES;
				MACOSX_DEPLOYMENT_TARGET = 10.7;
				SDKROOT = macosx;
			};
			name = Release;
		};
		FAC4196514B2317F0035FFAF /* Debug */ = {
			isa = XCBuildConfiguration;
			buildSettings = {
				GCC_PRECOMPILE_PREFIX_HEADER = YES;
				GCC_PREFIX_HEADER = "TypingTest/TypingTest-Prefix.pch";
				INFOPLIST_FILE = "TypingTest/TypingTest-Info.plist";
				PRODUCT_NAME = "$(TARGET_NAME)";
				WRAPPER_EXTENSION = app;
			};
			name = Debug;
		};
		FAC4196614B2317F0035FFAF /* Release */ = {
			isa = XCBuildConfiguration;
			buildSettings = {
				GCC_PRECOMPILE_PREFIX_HEADER = YES;
				GCC_PREFIX_HEADER = "TypingTest/TypingTest-Prefix.pch";
				INFOPLIST_FILE = "TypingTest/TypingTest-Info.plist";
				PRODUCT_NAME = "$(TARGET_NAME)";
				WRAPPER_EXTENSION = app;
			};
			name = Release;
		};
/* End XCBuildConfiguration section */

/* Begin XCConfigurationList section */
		FAC4194014B2317F0035FFAF /* Build configuration list for PBXProject "TypingTest" */ = {
			isa = XCConfigurationList;
			buildConfigurations = (
				FAC4196214B2317F0035FFAF /* Debug */,
				FAC4196314B2317F0035FFAF /* Release */,
			);
			defaultConfigurationIsVisible = 0;
			defaultConfigurationName = Release;
		};
		FAC4196414B2317F0035FFAF /* Build configuration list for PBXNativeTarget "TypingTest" */ = {
			isa = XCConfigurationList;
			buildConfigurations = (
				FAC4196514B2317F0035FFAF /* Debug */,
				FAC4196614B2317F0035FFAF /* Release */,
			);
			defaultConfigurationIsVisible = 0;
			defaultConfigurationName = Release;
		};
/* End XCConfigurationList section */
	};
	rootObject = FAC4193D14B2317F0035FFAF /* Project object */;
}
